
Microsoft Visual Studio Solution File, Format Version 12.00
# Visual Studio 15
VisualStudioVersion = 15.0.26730.12
MinimumVisualStudioVersion = 10.0.40219.1
Project("{FAE04EC0-301F-11D3-BF4B-00C04F79EFBC}") = "YandexDiscSync", "YandexDiscSync\YandexDiscSync.csproj", "{30E67BED-3309-4BEC-B394-F3F2182F21E1}"
EndProject
Project("{FAE04EC0-301F-11D3-BF4B-00C04F79EFBC}") = "YandexDiscSync.UnitTest", "YandexDiscSync.UnitTest\YandexDiscSync.UnitTest.csproj", "{C37C6FD9-DF42-4CEA-8A68-6F5D2997CBF6}"
EndProject
Global
	GlobalSection(SolutionConfigurationPlatforms) = preSolution
		Client Debug|Any CPU = Client Debug|Any CPU
		Client Release|Any CPU = Client Release|Any CPU
	EndGlobalSection
	GlobalSection(ProjectConfigurationPlatforms) = postSolution
		{30E67BED-3309-4BEC-B394-F3F2182F21E1}.Client Debug|Any CPU.ActiveCfg = Client Debug|Any CPU
		{30E67BED-3309-4BEC-B394-F3F2182F21E1}.Client Debug|Any CPU.Build.0 = Client Debug|Any CPU
		{30E67BED-3309-4BEC-B394-F3F2182F21E1}.Client Release|Any CPU.ActiveCfg = Client Release|Any CPU
		{30E67BED-3309-4BEC-B394-F3F2182F21E1}.Client Release|Any CPU.Build.0 = Client Release|Any CPU
		{C37C6FD9-DF42-4CEA-8A68-6F5D2997CBF6}.Client Debug|Any CPU.ActiveCfg = Client Debug|Any CPU
		{C37C6FD9-DF42-4CEA-8A68-6F5D2997CBF6}.Client Debug|Any CPU.Build.0 = Client Debug|Any CPU
		{C37C6FD9-DF42-4CEA-8A68-6F5D2997CBF6}.Client Release|Any CPU.ActiveCfg = Client Release|Any CPU
		{C37C6FD9-DF42-4CEA-8A68-6F5D2997CBF6}.Client Release|Any CPU.Build.0 = Client Release|Any CPU
	EndGlobalSection
	GlobalSection(SolutionProperties) = preSolution
		HideSolutionNode = FALSE
	EndGlobalSection
	GlobalSection(ExtensibilityGlobals) = postSolution
		SolutionGuid = {66393465-E6E0-4D7D-A652-9CB6C668C7DA}
	EndGlobalSection
EndGlobal
